
Microsoft Visual Studio Solution File, Format Version 12.00
# Visual Studio 2013
VisualStudioVersion = 12.0.30723.0
MinimumVisualStudioVersion = 10.0.40219.1
Project("{FAE04EC0-301F-11D3-BF4B-00C04F79EFBC}") = "CitizenMP.Server", "CitizenMP.Server\CitizenMP.Server.csproj", "{447F15CC-341E-4744-B1A7-A72D80FF1589}"
EndProject
Project("{FAE04EC0-301F-11D3-BF4B-00C04F79EFBC}") = "uhttpsharp", "Vendor\uHttpSharp\uhttpsharp\uhttpsharp.csproj", "{3D681959-4DA3-4A71-A68B-704D6411D5EA}"
EndProject
Project("{FAE04EC0-301F-11D3-BF4B-00C04F79EFBC}") = "NPSharp.Client", "Vendor\npsharp\src\client\NPSharp.Client.csproj", "{C6F941A5-82AF-456A-9B3A-752E5B001035}"
EndProject
Global
	GlobalSection(SolutionConfigurationPlatforms) = preSolution
		Debug|Any CPU = Debug|Any CPU
		Release|Any CPU = Release|Any CPU
	EndGlobalSection
	GlobalSection(ProjectConfigurationPlatforms) = postSolution
		{447F15CC-341E-4744-B1A7-A72D80FF1589}.Debug|Any CPU.ActiveCfg = Debug|Any CPU
		{447F15CC-341E-4744-B1A7-A72D80FF1589}.Debug|Any CPU.Build.0 = Debug|Any CPU
		{447F15CC-341E-4744-B1A7-A72D80FF1589}.Release|Any CPU.ActiveCfg = Release|Any CPU
		{447F15CC-341E-4744-B1A7-A72D80FF1589}.Release|Any CPU.Build.0 = Release|Any CPU
		{3D681959-4DA3-4A71-A68B-704D6411D5EA}.Debug|Any CPU.ActiveCfg = Debug|Any CPU
		{3D681959-4DA3-4A71-A68B-704D6411D5EA}.Debug|Any CPU.Build.0 = Debug|Any CPU
		{3D681959-4DA3-4A71-A68B-704D6411D5EA}.Release|Any CPU.ActiveCfg = Release|Any CPU
		{3D681959-4DA3-4A71-A68B-704D6411D5EA}.Release|Any CPU.Build.0 = Release|Any CPU
		{C6F941A5-82AF-456A-9B3A-752E5B001035}.Debug|Any CPU.ActiveCfg = Debug|Any CPU
		{C6F941A5-82AF-456A-9B3A-752E5B001035}.Debug|Any CPU.Build.0 = Debug|Any CPU
		{C6F941A5-82AF-456A-9B3A-752E5B001035}.Release|Any CPU.ActiveCfg = Release|Any CPU
		{C6F941A5-82AF-456A-9B3A-752E5B001035}.Release|Any CPU.Build.0 = Release|Any CPU
	EndGlobalSection
	GlobalSection(SolutionProperties) = preSolution
		HideSolutionNode = FALSE
	EndGlobalSection
EndGlobal
